
Microsoft Visual Studio Solution File, Format Version 12.00
# Visual Studio Version 16
VisualStudioVersion = 16.0.29001.49
MinimumVisualStudioVersion = 10.0.40219.1
Project("{9A19103F-16F7-4668-BE54-9A1E7A4F7556}") = "pssg-rabbitmq-interface", "cornet-dynamics-rabbitMQ-interface\pssg-rabbitmq-interface.csproj", "{C4A83F99-20E5-4A08-AA72-F875C0422370}"
EndProject
Global
	GlobalSection(SolutionConfigurationPlatforms) = preSolution
		Debug|Any CPU = Debug|Any CPU
		Release|Any CPU = Release|Any CPU
	EndGlobalSection
	GlobalSection(ProjectConfigurationPlatforms) = postSolution
		{C4A83F99-20E5-4A08-AA72-F875C0422370}.Debug|Any CPU.ActiveCfg = Debug|Any CPU
		{C4A83F99-20E5-4A08-AA72-F875C0422370}.Debug|Any CPU.Build.0 = Debug|Any CPU
		{C4A83F99-20E5-4A08-AA72-F875C0422370}.Release|Any CPU.ActiveCfg = Release|Any CPU
		{C4A83F99-20E5-4A08-AA72-F875C0422370}.Release|Any CPU.Build.0 = Release|Any CPU
	EndGlobalSection
	GlobalSection(SolutionProperties) = preSolution
		HideSolutionNode = FALSE
	EndGlobalSection
	GlobalSection(ExtensibilityGlobals) = postSolution
		SolutionGuid = {C0506247-CD57-4055-A271-FD9BD8381188}
	EndGlobalSection
EndGlobal
